{
  "name": "busca-trees",
  "version": "1.0.0",
  "lockfileVersion": 3,
  "requires": true,
  "packages": {
    "": {
      "name": "busca-trees",
      "version": "1.0.0",
      "license": "ISC",
      "dependencies": {
        "bintrees": "^1.0.2"
      },
      "devDependencies": {
        "@types/bintrees": "^1.0.6"
      }
    },
    "node_modules/@types/bintrees": {
      "version": "1.0.6",
      "resolved": "https://registry.npmjs.org/@types/bintrees/-/bintrees-1.0.6.tgz",
      "integrity": "sha512-pZWT4Bz+tWwxlDspSjdoIza4PE5lbGI4Xvs3FZV/2v5m5SDA8LwNpU8AXxlndmARO7OaQ1Vf3zFenOsNMzaRkQ==",
      "dev": true
    },
    "node_modules/bintrees": {
      "version": "1.0.2",
      "resolved": "https://registry.npmjs.org/bintrees/-/bintrees-1.0.2.tgz",
      "integrity": "sha512-VOMgTMwjAaUG580SXn3LacVgjurrbMme7ZZNYGSSV7mmtY6QQRh0Eg3pwIcntQ77DErK1L0NxkbetjcoXzVwKw=="
    }
  }
}
